
Microsoft Visual Studio Solution File, Format Version 12.00
# Visual Studio Version 16
VisualStudioVersion = 16.0.31515.178
MinimumVisualStudioVersion = 10.0.40219.1
Project("{888888A0-9F3D-457C-B088-3A5042F75D52}") = "InvoiceLineItem", "InvoiceLineItem.pyproj", "{020F64E5-EFE0-4A43-81D2-C108307F8683}"
EndProject
Global
	GlobalSection(SolutionConfigurationPlatforms) = preSolution
		Debug|Any CPU = Debug|Any CPU
		Release|Any CPU = Release|Any CPU
	EndGlobalSection
	GlobalSection(ProjectConfigurationPlatforms) = postSolution
		{020F64E5-EFE0-4A43-81D2-C108307F8683}.Debug|Any CPU.ActiveCfg = Debug|Any CPU
		{020F64E5-EFE0-4A43-81D2-C108307F8683}.Release|Any CPU.ActiveCfg = Release|Any CPU
	EndGlobalSection
	GlobalSection(SolutionProperties) = preSolution
		HideSolutionNode = FALSE
	EndGlobalSection
	GlobalSection(ExtensibilityGlobals) = postSolution
		SolutionGuid = {E21106C3-2E25-447B-A5F0-A04D883961D1}
	EndGlobalSection
EndGlobal
